
Microsoft Visual Studio Solution File, Format Version 12.00
# Visual Studio Version 17
VisualStudioVersion = 17.11.35312.102
MinimumVisualStudioVersion = 10.0.40219.1
Project("{FAE04EC0-301F-11D3-BF4B-00C04F79EFBC}") = "MVCLearn", "MVCLearn.csproj", "{D23FBE4A-04CC-4523-8D6D-7A3D365804CE}"
EndProject
Global
	GlobalSection(SolutionConfigurationPlatforms) = preSolution
		Debug|Any CPU = Debug|Any CPU
		Release|Any CPU = Release|Any CPU
	EndGlobalSection
	GlobalSection(ProjectConfigurationPlatforms) = postSolution
		{D23FBE4A-04CC-4523-8D6D-7A3D365804CE}.Debug|Any CPU.ActiveCfg = Debug|Any CPU
		{D23FBE4A-04CC-4523-8D6D-7A3D365804CE}.Debug|Any CPU.Build.0 = Debug|Any CPU
		{D23FBE4A-04CC-4523-8D6D-7A3D365804CE}.Release|Any CPU.ActiveCfg = Release|Any CPU
		{D23FBE4A-04CC-4523-8D6D-7A3D365804CE}.Release|Any CPU.Build.0 = Release|Any CPU
	EndGlobalSection
	GlobalSection(SolutionProperties) = preSolution
		HideSolutionNode = FALSE
	EndGlobalSection
	GlobalSection(ExtensibilityGlobals) = postSolution
		SolutionGuid = {CD87FFEC-6A3A-4396-855D-6F56E5109A1D}
	EndGlobalSection
EndGlobal
